{
  "name": "andresanz-com",
  "version": "1.0.0",
  "lockfileVersion": 3,
  "requires": true,
  "packages": {
    "": {
      "name": "andresanz-com",
      "version": "1.0.0",
      "dependencies": {
        "@blog/core": "file:../blog-core",
        "dotenv": "^16.4.0"
      },
      "engines": {
        "node": ">=16.0.0"
      }
    },
    "../blog-core": {
      "name": "@blog/core",
      "version": "1.0.0",
      "dependencies": {
        "@aws-sdk/client-s3": "^3.600.0",
        "@aws-sdk/s3-request-presigner": "^3.600.0",
        "better-sqlite3": "^12.9.0",
        "ejs": "^3.1.10",
        "express": "^4.19.0",
        "feed": "^4.2.2",
        "gray-matter": "^4.0.3",
        "highlight.js": "^11.9.0",
        "marked": "^12.0.0",
        "marked-highlight": "^2.1.0",
        "multer": "^1.4.5-lts.1"
      },
      "engines": {
        "node": ">=16.0.0"
      }
    },
    "node_modules/@blog/core": {
      "resolved": "../blog-core",
      "link": true
    },
    "node_modules/dotenv": {
      "version": "16.6.1",
      "resolved": "https://registry.npmjs.org/dotenv/-/dotenv-16.6.1.tgz",
      "integrity": "sha512-uBq4egWHTcTt33a72vpSG0z3HnPuIl6NqYcTrKEg2azoEyl2hpW0zqlxysq2pK9HlDIHyHyakeYaYnSAwd8bow==",
      "license": "BSD-2-Clause",
      "engines": {
        "node": ">=12"
      },
      "funding": {
        "url": "https://dotenvx.com"
      }
    }
  }
}
